
Microsoft Visual Studio Solution File, Format Version 12.00
# Visual Studio Version 16
VisualStudioVersion = 16.0.30011.22
MinimumVisualStudioVersion = 10.0.40219.1
Project("{FAE04EC0-301F-11D3-BF4B-00C04F79EFBC}") = "WebApiProjectDemo", "WebApiProjectDemo\WebApiProjectDemo.csproj", "{03875578-AD9C-4279-913B-97831C978585}"
EndProject
Project("{FAE04EC0-301F-11D3-BF4B-00C04F79EFBC}") = "WebApiProjectDemo.Tests", "WebApiProjectDemo.Tests\WebApiProjectDemo.Tests.csproj", "{79C5CADB-3C4D-4AA6-A0CF-06F5E124528B}"
EndProject
Project("{FAE04EC0-301F-11D3-BF4B-00C04F79EFBC}") = "EmployeesDataAccess", "EmployeesDataAccess\EmployeesDataAccess.csproj", "{A92A125B-59C8-4956-B066-67DC19941668}"
EndProject
Global
	GlobalSection(SolutionConfigurationPlatforms) = preSolution
		Debug|Any CPU = Debug|Any CPU
		Release|Any CPU = Release|Any CPU
	EndGlobalSection
	GlobalSection(ProjectConfigurationPlatforms) = postSolution
		{03875578-AD9C-4279-913B-97831C978585}.Debug|Any CPU.ActiveCfg = Debug|Any CPU
		{03875578-AD9C-4279-913B-97831C978585}.Debug|Any CPU.Build.0 = Debug|Any CPU
		{03875578-AD9C-4279-913B-97831C978585}.Release|Any CPU.ActiveCfg = Release|Any CPU
		{03875578-AD9C-4279-913B-97831C978585}.Release|Any CPU.Build.0 = Release|Any CPU
		{79C5CADB-3C4D-4AA6-A0CF-06F5E124528B}.Debug|Any CPU.ActiveCfg = Debug|Any CPU
		{79C5CADB-3C4D-4AA6-A0CF-06F5E124528B}.Debug|Any CPU.Build.0 = Debug|Any CPU
		{79C5CADB-3C4D-4AA6-A0CF-06F5E124528B}.Release|Any CPU.ActiveCfg = Release|Any CPU
		{79C5CADB-3C4D-4AA6-A0CF-06F5E124528B}.Release|Any CPU.Build.0 = Release|Any CPU
		{A92A125B-59C8-4956-B066-67DC19941668}.Debug|Any CPU.ActiveCfg = Debug|Any CPU
		{A92A125B-59C8-4956-B066-67DC19941668}.Debug|Any CPU.Build.0 = Debug|Any CPU
		{A92A125B-59C8-4956-B066-67DC19941668}.Release|Any CPU.ActiveCfg = Release|Any CPU
		{A92A125B-59C8-4956-B066-67DC19941668}.Release|Any CPU.Build.0 = Release|Any CPU
	EndGlobalSection
	GlobalSection(SolutionProperties) = preSolution
		HideSolutionNode = FALSE
	EndGlobalSection
	GlobalSection(ExtensibilityGlobals) = postSolution
		SolutionGuid = {36B5696D-DA2E-4C5D-B148-C12B6215CF55}
	EndGlobalSection
EndGlobal
